[[package]]
name = "aligned"
version = "0.2.0"
source = "registry+https://github.com/rust-lang/crates.io-index"

[[package]]
name = "capsules"
version = "0.1.0"
dependencies = [
 "kernel 0.1.0",
]

[[package]]
name = "cortexm3"
version = "0.1.0"
dependencies = [
 "kernel 0.1.0",
]

[[package]]
name = "golf2"
version = "0.1.0"
dependencies = [
 "aligned 0.2.0 (registry+https://github.com/rust-lang/crates.io-index)",
 "capsules 0.1.0",
 "hotel 0.1.0",
 "kernel 0.1.0",
]

[[package]]
name = "hotel"
version = "0.1.0"
dependencies = [
 "cortexm3 0.1.0",
 "kernel 0.1.0",
]

[[package]]
name = "kernel"
version = "0.1.0"

[metadata]
"checksum aligned 0.2.0 (registry+https://github.com/rust-lang/crates.io-index)" = "d39da9b88ae1a81c03c9c082b8db83f1d0e93914126041962af61034ab44c4a5"
