[root]
name = "golf"
version = "0.1.0"
dependencies = [
 "capsules 0.1.0 (git+https://github.com/helena-project/tock)",
 "hotel 0.1.0",
 "kernel 0.1.0 (git+https://github.com/helena-project/tock)",
 "rust-libcore 0.0.3 (registry+https://github.com/rust-lang/crates.io-index)",
]

[[package]]
name = "capsules"
version = "0.1.0"
source = "git+https://github.com/helena-project/tock#02de9a808ef8a177e8609c71ae6e1071275bafbd"
dependencies = [
 "kernel 0.1.0 (git+https://github.com/helena-project/tock)",
 "rust-libcore 0.0.3 (registry+https://github.com/rust-lang/crates.io-index)",
]

[[package]]
name = "cortexm3"
version = "0.1.0"
dependencies = [
 "kernel 0.1.0 (git+https://github.com/helena-project/tock)",
 "rust-libcore 0.0.3 (registry+https://github.com/rust-lang/crates.io-index)",
]

[[package]]
name = "hotel"
version = "0.1.0"
dependencies = [
 "cortexm3 0.1.0",
 "kernel 0.1.0 (git+https://github.com/helena-project/tock)",
 "rust-libcore 0.0.3 (registry+https://github.com/rust-lang/crates.io-index)",
]

[[package]]
name = "kernel"
version = "0.1.0"
source = "git+https://github.com/helena-project/tock#02de9a808ef8a177e8609c71ae6e1071275bafbd"
dependencies = [
 "rust-libcore 0.0.3 (registry+https://github.com/rust-lang/crates.io-index)",
]

[[package]]
name = "rust-libcore"
version = "0.0.3"
source = "registry+https://github.com/rust-lang/crates.io-index"

